
Microsoft Visual Studio Solution File, Format Version 12.00
# Visual Studio Version 16
VisualStudioVersion = 16.0.29418.71
MinimumVisualStudioVersion = 10.0.40219.1
Project("{9A19103F-16F7-4668-BE54-9A1E7A4F7556}") = "PowerPlatformConnector", "PowerPlatformConnectorService\PowerPlatformConnector.csproj", "{1803B3BF-7841-449D-B3F5-04A2A67C1B81}"
EndProject
Global
	GlobalSection(SolutionConfigurationPlatforms) = preSolution
		Debug|Any CPU = Debug|Any CPU
		Release|Any CPU = Release|Any CPU
	EndGlobalSection
	GlobalSection(ProjectConfigurationPlatforms) = postSolution
		{1803B3BF-7841-449D-B3F5-04A2A67C1B81}.Debug|Any CPU.ActiveCfg = Debug|Any CPU
		{1803B3BF-7841-449D-B3F5-04A2A67C1B81}.Debug|Any CPU.Build.0 = Debug|Any CPU
		{1803B3BF-7841-449D-B3F5-04A2A67C1B81}.Release|Any CPU.ActiveCfg = Release|Any CPU
		{1803B3BF-7841-449D-B3F5-04A2A67C1B81}.Release|Any CPU.Build.0 = Release|Any CPU
	EndGlobalSection
	GlobalSection(SolutionProperties) = preSolution
		HideSolutionNode = FALSE
	EndGlobalSection
	GlobalSection(ExtensibilityGlobals) = postSolution
		SolutionGuid = {85D85746-A6C0-493C-B9C8-01160FA50D5F}
	EndGlobalSection
EndGlobal
